Microsoft Visual Studio Solution File, Format Version 12.00
# Visual Studio 15
VisualStudioVersion = 15.0.26124.0
MinimumVisualStudioVersion = 15.0.26124.0
Project("{9A19103F-16F7-4668-BE54-9A1E7A4F7556}") = "gbuild.core", "gbuild.core\gbuild.core.csproj", "{4CDAB23C-A1E5-4633-B37A-4C5BE8A53CE6}"
EndProject
Project("{9A19103F-16F7-4668-BE54-9A1E7A4F7556}") = "gbuild.console", "gbuild.console\gbuild.console.csproj", "{9A45B991-C3C4-4597-809D-5DF858F400A0}"
EndProject
Project("{9A19103F-16F7-4668-BE54-9A1E7A4F7556}") = "gbuild.tests", "gbuild.tests\gbuild.tests.csproj", "{4EF9FE42-E955-4CB1-B393-B081428078EE}"
EndProject
Project("{FAE04EC0-301F-11D3-BF4B-00C04F79EFBC}") = "gbuild.core.commitanalysis.git", "gbuild.core.commitanalysis.git\gbuild.core.commitanalysis.git.csproj", "{317C5AA0-D7EB-46B2-9B02-C9BF02FAA306}"
EndProject
Global
	GlobalSection(SolutionConfigurationPlatforms) = preSolution
		Debug|Any CPU = Debug|Any CPU
		Debug|x64 = Debug|x64
		Debug|x86 = Debug|x86
		Release|Any CPU = Release|Any CPU
		Release|x64 = Release|x64
		Release|x86 = Release|x86
	EndGlobalSection
	GlobalSection(ProjectConfigurationPlatforms) = postSolution
		{4CDAB23C-A1E5-4633-B37A-4C5BE8A53CE6}.Debug|Any CPU.ActiveCfg = Debug|Any CPU
		{4CDAB23C-A1E5-4633-B37A-4C5BE8A53CE6}.Debug|Any CPU.Build.0 = Debug|Any CPU
		{4CDAB23C-A1E5-4633-B37A-4C5BE8A53CE6}.Debug|x64.ActiveCfg = Debug|Any CPU
		{4CDAB23C-A1E5-4633-B37A-4C5BE8A53CE6}.Debug|x64.Build.0 = Debug|Any CPU
		{4CDAB23C-A1E5-4633-B37A-4C5BE8A53CE6}.Debug|x86.ActiveCfg = Debug|Any CPU
		{4CDAB23C-A1E5-4633-B37A-4C5BE8A53CE6}.Debug|x86.Build.0 = Debug|Any CPU
		{4CDAB23C-A1E5-4633-B37A-4C5BE8A53CE6}.Release|Any CPU.ActiveCfg = Release|Any CPU
		{4CDAB23C-A1E5-4633-B37A-4C5BE8A53CE6}.Release|Any CPU.Build.0 = Release|Any CPU
		{4CDAB23C-A1E5-4633-B37A-4C5BE8A53CE6}.Release|x64.ActiveCfg = Release|Any CPU
		{4CDAB23C-A1E5-4633-B37A-4C5BE8A53CE6}.Release|x64.Build.0 = Release|Any CPU
		{4CDAB23C-A1E5-4633-B37A-4C5BE8A53CE6}.Release|x86.ActiveCfg = Release|Any CPU
		{4CDAB23C-A1E5-4633-B37A-4C5BE8A53CE6}.Release|x86.Build.0 = Release|Any CPU
		{9A45B991-C3C4-4597-809D-5DF858F400A0}.Debug|Any CPU.ActiveCfg = Debug|Any CPU
		{9A45B991-C3C4-4597-809D-5DF858F400A0}.Debug|Any CPU.Build.0 = Debug|Any CPU
		{9A45B991-C3C4-4597-809D-5DF858F400A0}.Debug|x64.ActiveCfg = Debug|Any CPU
		{9A45B991-C3C4-4597-809D-5DF858F400A0}.Debug|x64.Build.0 = Debug|Any CPU
		{9A45B991-C3C4-4597-809D-5DF858F400A0}.Debug|x86.ActiveCfg = Debug|Any CPU
		{9A45B991-C3C4-4597-809D-5DF858F400A0}.Debug|x86.Build.0 = Debug|Any CPU
		{9A45B991-C3C4-4597-809D-5DF858F400A0}.Release|Any CPU.ActiveCfg = Release|Any CPU
		{9A45B991-C3C4-4597-809D-5DF858F400A0}.Release|Any CPU.Build.0 = Release|Any CPU
		{9A45B991-C3C4-4597-809D-5DF858F400A0}.Release|x64.ActiveCfg = Release|Any CPU
		{9A45B991-C3C4-4597-809D-5DF858F400A0}.Release|x64.Build.0 = Release|Any CPU
		{9A45B991-C3C4-4597-809D-5DF858F400A0}.Release|x86.ActiveCfg = Release|Any CPU
		{9A45B991-C3C4-4597-809D-5DF858F400A0}.Release|x86.Build.0 = Release|Any CPU
		{4EF9FE42-E955-4CB1-B393-B081428078EE}.Debug|Any CPU.ActiveCfg = Debug|Any CPU
		{4EF9FE42-E955-4CB1-B393-B081428078EE}.Debug|Any CPU.Build.0 = Debug|Any CPU
		{4EF9FE42-E955-4CB1-B393-B081428078EE}.Debug|x64.ActiveCfg = Debug|Any CPU
		{4EF9FE42-E955-4CB1-B393-B081428078EE}.Debug|x64.Build.0 = Debug|Any CPU
		{4EF9FE42-E955-4CB1-B393-B081428078EE}.Debug|x86.ActiveCfg = Debug|Any CPU
		{4EF9FE42-E955-4CB1-B393-B081428078EE}.Debug|x86.Build.0 = Debug|Any CPU
		{4EF9FE42-E955-4CB1-B393-B081428078EE}.Release|Any CPU.ActiveCfg = Release|Any CPU
		{4EF9FE42-E955-4CB1-B393-B081428078EE}.Release|Any CPU.Build.0 = Release|Any CPU
		{4EF9FE42-E955-4CB1-B393-B081428078EE}.Release|x64.ActiveCfg = Release|Any CPU
		{4EF9FE42-E955-4CB1-B393-B081428078EE}.Release|x64.Build.0 = Release|Any CPU
		{4EF9FE42-E955-4CB1-B393-B081428078EE}.Release|x86.ActiveCfg = Release|Any CPU
		{4EF9FE42-E955-4CB1-B393-B081428078EE}.Release|x86.Build.0 = Release|Any CPU
		{317C5AA0-D7EB-46B2-9B02-C9BF02FAA306}.Debug|Any CPU.ActiveCfg = Debug|Any CPU
		{317C5AA0-D7EB-46B2-9B02-C9BF02FAA306}.Debug|Any CPU.Build.0 = Debug|Any CPU
		{317C5AA0-D7EB-46B2-9B02-C9BF02FAA306}.Debug|x64.ActiveCfg = Debug|Any CPU
		{317C5AA0-D7EB-46B2-9B02-C9BF02FAA306}.Debug|x64.Build.0 = Debug|Any CPU
		{317C5AA0-D7EB-46B2-9B02-C9BF02FAA306}.Debug|x86.ActiveCfg = Debug|Any CPU
		{317C5AA0-D7EB-46B2-9B02-C9BF02FAA306}.Debug|x86.Build.0 = Debug|Any CPU
		{317C5AA0-D7EB-46B2-9B02-C9BF02FAA306}.Release|Any CPU.ActiveCfg = Release|Any CPU
		{317C5AA0-D7EB-46B2-9B02-C9BF02FAA306}.Release|Any CPU.Build.0 = Release|Any CPU
		{317C5AA0-D7EB-46B2-9B02-C9BF02FAA306}.Release|x64.ActiveCfg = Release|Any CPU
		{317C5AA0-D7EB-46B2-9B02-C9BF02FAA306}.Release|x64.Build.0 = Release|Any CPU
		{317C5AA0-D7EB-46B2-9B02-C9BF02FAA306}.Release|x86.ActiveCfg = Release|Any CPU
		{317C5AA0-D7EB-46B2-9B02-C9BF02FAA306}.Release|x86.Build.0 = Release|Any CPU
	EndGlobalSection
	GlobalSection(SolutionProperties) = preSolution
		HideSolutionNode = FALSE
	EndGlobalSection
	GlobalSection(ExtensibilityGlobals) = postSolution
		SolutionGuid = {F320F168-7589-43DE-B870-30216695C9AC}
	EndGlobalSection
EndGlobal
